# Pins the prebuilt `voice-engine` release that hook/build.dart downloads.
#
# `repo` is the PUBLIC repo whose release page hosts the assets; the engine
# source itself lives in a separate private repo, whose CI uploads them here.
repo = yplam/nano-dash
tag = voice-engine-v0.5.0

4f03b03c9fe95ae2836391e7acc238550ac24946ed0cafcfd43e33138a3b6c9e  libvoice_engine-aarch64-apple-darwin.dylib
77ce51f46a379ef7b20e557c33fe950db91acbeb92da67608c5c1f5547622eb3  libvoice_engine-aarch64-unknown-linux-gnu.so
1afcdab88afc7868ed3e2774330e8f78407a009c8b88411069703a00335129fd  libvoice_engine-x86_64-apple-darwin.dylib
1af3ec0def64a9aff1835eec16d85064cfc711115f4d9213d777c303394bd952  libvoice_engine-x86_64-unknown-linux-gnu.so
941f60117e8e965831e42b912d9e37cece7234b10cf266ba6af90720ec543c6c  voice_engine-x86_64-pc-windows-msvc.dll

